// !$*UTF8*$!
{
	archiveVersion = 1;
	classes = {
	};
	objectVersion = 50;
	objects = {

/* Begin PBXBuildFile section */
		9871FE20243E76E9007E34A8 /* AppDelegate.swift in Sources */ = {isa = PBXBuildFile; fileRef = 9871FE1F243E76E9007E34A8 /* AppDelegate.swift */; };
		9871FE22243E76E9007E34A8 /* SceneDelegate.swift in Sources */ = {isa = PBXBuildFile; fileRef = 9871FE21243E76E9007E34A8 /* SceneDelegate.swift */; };
		9871FE24243E76E9007E34A8 /* ViewController.swift in Sources */ = {isa = PBXBuildFile; fileRef = 9871FE23243E76E9007E34A8 /* ViewController.swift */; };
		9871FE27243E76E9007E34A8 /* Main.storyboard in Resources */ = {isa = PBXBuildFile; fileRef = 9871FE25243E76E9007E34A8 /* Main.storyboard */; };
		9871FE29243E76EA007E34A8 /* Assets.xcassets in Resources */ = {isa = PBXBuildFile; fileRef = 9871FE28243E76EA007E34A8 /* Assets.xcassets */; };
		9871FE2C243E76EA007E34A8 /* LaunchScreen.storyboard in Resources */ = {isa = PBXBuildFile; fileRef = 9871FE2A243E76EA007E34A8 /* LaunchScreen.storyboard */; };
		9871FE34243E7783007E34A8 /* DetailViewController.swift in Sources */ = {isa = PBXBuildFile; fileRef = 9871FE33243E7783007E34A8 /* DetailViewController.swift */; };
		9871FEC2243E7D8C007E34A8 /* nigeria@2x.png in Resources */ = {isa = PBXBuildFile; fileRef = 9871FEAA243E7D8B007E34A8 /* nigeria@2x.png */; };
		9871FEC3243E7D8C007E34A8 /* france@3x.png in Resources */ = {isa = PBXBuildFile; fileRef = 9871FEAB243E7D8B007E34A8 /* france@3x.png */; };
		9871FEC4243E7D8C007E34A8 /* estonia@3x.png in Resources */ = {isa = PBXBuildFile; fileRef = 9871FEAC243E7D8B007E34A8 /* estonia@3x.png */; };
		9871FEC5243E7D8C007E34A8 /* estonia@2x.png in Resources */ = {isa = PBXBuildFile; fileRef = 9871FEAD243E7D8B007E34A8 /* estonia@2x.png */; };
		9871FEC6243E7D8C007E34A8 /* france@2x.png in Resources */ = {isa = PBXBuildFile; fileRef = 9871FEAE243E7D8B007E34A8 /* france@2x.png */; };
		9871FEC7243E7D8C007E34A8 /* nigeria@3x.png in Resources */ = {isa = PBXBuildFile; fileRef = 9871FEAF243E7D8B007E34A8 /* nigeria@3x.png */; };
		9871FEC8243E7D8C007E34A8 /* monaco@2x.png in Resources */ = {isa = PBXBuildFile; fileRef = 9871FEB0243E7D8B007E34A8 /* monaco@2x.png */; };
		9871FEC9243E7D8C007E34A8 /* poland@2x.png in Resources */ = {isa = PBXBuildFile; fileRef = 9871FEB1243E7D8B007E34A8 /* poland@2x.png */; };
		9871FECA243E7D8C007E34A8 /* ireland@2x.png in Resources */ = {isa = PBXBuildFile; fileRef = 9871FEB2243E7D8B007E34A8 /* ireland@2x.png */; };
		9871FECB243E7D8C007E34A8 /* germany@3x.png in Resources */ = {isa = PBXBuildFile; fileRef = 9871FEB3243E7D8B007E34A8 /* germany@3x.png */; };
		9871FECC243E7D8C007E34A8 /* uk@2x.png in Resources */ = {isa = PBXBuildFile; fileRef = 9871FEB4243E7D8B007E34A8 /* uk@2x.png */; };
		9871FECD243E7D8C007E34A8 /* uk@3x.png in Resources */ = {isa = PBXBuildFile; fileRef = 9871FEB5243E7D8B007E34A8 /* uk@3x.png */; };
		9871FECE243E7D8C007E34A8 /* us@2x.png in Resources */ = {isa = PBXBuildFile; fileRef = 9871FEB6243E7D8C007E34A8 /* us@2x.png */; };
		9871FECF243E7D8C007E34A8 /* russia@2x.png in Resources */ = {isa = PBXBuildFile; fileRef = 9871FEB7243E7D8C007E34A8 /* russia@2x.png */; };
		9871FED0243E7D8C007E34A8 /* italy@3x.png in Resources */ = {isa = PBXBuildFile; fileRef = 9871FEB8243E7D8C007E34A8 /* italy@3x.png */; };
		9871FED1243E7D8C007E34A8 /* poland@3x.png in Resources */ = {isa = PBXBuildFile; fileRef = 9871FEB9243E7D8C007E34A8 /* poland@3x.png */; };
		9871FED2243E7D8C007E34A8 /* ireland@3x.png in Resources */ = {isa = PBXBuildFile; fileRef = 9871FEBA243E7D8C007E34A8 /* ireland@3x.png */; };
		9871FED3243E7D8C007E34A8 /* spain@2x.png in Resources */ = {isa = PBXBuildFile; fileRef = 9871FEBB243E7D8C007E34A8 /* spain@2x.png */; };
		9871FED4243E7D8C007E34A8 /* spain@3x.png in Resources */ = {isa = PBXBuildFile; fileRef = 9871FEBC243E7D8C007E34A8 /* spain@3x.png */; };
		9871FED5243E7D8C007E34A8 /* russia@3x.png in Resources */ = {isa = PBXBuildFile; fileRef = 9871FEBD243E7D8C007E34A8 /* russia@3x.png */; };
		9871FED6243E7D8C007E34A8 /* us@3x.png in Resources */ = {isa = PBXBuildFile; fileRef = 9871FEBE243E7D8C007E34A8 /* us@3x.png */; };
		9871FED7243E7D8C007E34A8 /* germany@2x.png in Resources */ = {isa = PBXBuildFile; fileRef = 9871FEBF243E7D8C007E34A8 /* germany@2x.png */; };
		9871FED8243E7D8C007E34A8 /* monaco@3x.png in Resources */ = {isa = PBXBuildFile; fileRef = 9871FEC0243E7D8C007E34A8 /* monaco@3x.png */; };
		9871FED9243E7D8C007E34A8 /* italy@2x.png in Resources */ = {isa = PBXBuildFile; fileRef = 9871FEC1243E7D8C007E34A8 /* italy@2x.png */; };
/* End PBXBuildFile section */

/* Begin PBXFileReference section */
		9871FE1C243E76E9007E34A8 /* Projects1-3.app */ = {isa = PBXFileReference; explicitFileType = wrapper.application; includeInIndex = 0; path = "Projects1-3.app"; sourceTree = BUILT_PRODUCTS_DIR; };
		9871FE1F243E76E9007E34A8 /* AppDelegate.swift */ = {isa = PBXFileReference; lastKnownFileType = sourcecode.swift; path = AppDelegate.swift; sourceTree = "<group>"; };
		9871FE21243E76E9007E34A8 /* SceneDelegate.swift */ = {isa = PBXFileReference; lastKnownFileType = sourcecode.swift; path = SceneDelegate.swift; sourceTree = "<group>"; };
		9871FE23243E76E9007E34A8 /* ViewController.swift */ = {isa = PBXFileReference; lastKnownFileType = sourcecode.swift; path = ViewController.swift; sourceTree = "<group>"; };
		9871FE26243E76E9007E34A8 /* Base */ = {isa = PBXFileReference; lastKnownFileType = file.storyboard; name = Base; path = Base.lproj/Main.storyboard; sourceTree = "<group>"; };
		9871FE28243E76EA007E34A8 /* Assets.xcassets */ = {isa = PBXFileReference; lastKnownFileType = folder.assetcatalog; path = Assets.xcassets; sourceTree = "<group>"; };
		9871FE2B243E76EA007E34A8 /* Base */ = {isa = PBXFileReference; lastKnownFileType = file.storyboard; name = Base; path = Base.lproj/LaunchScreen.storyboard; sourceTree = "<group>"; };
		9871FE2D243E76EA007E34A8 /* Info.plist */ = {isa = PBXFileReference; lastKnownFileType = text.plist.xml; path = Info.plist; sourceTree = "<group>"; };
		9871FE33243E7783007E34A8 /* DetailViewController.swift */ = {isa = PBXFileReference; lastKnownFileType = sourcecode.swift; path = DetailViewController.swift; sourceTree = "<group>"; };
		9871FEAA243E7D8B007E34A8 /* nigeria@2x.png */ = {isa = PBXFileReference; lastKnownFileType = image.png; path = "nigeria@2x.png"; sourceTree = "<group>"; };
		9871FEAB243E7D8B007E34A8 /* france@3x.png */ = {isa = PBXFileReference; lastKnownFileType = image.png; path = "france@3x.png"; sourceTree = "<group>"; };
		9871FEAC243E7D8B007E34A8 /* estonia@3x.png */ = {isa = PBXFileReference; lastKnownFileType = image.png; path = "estonia@3x.png"; sourceTree = "<group>"; };
		9871FEAD243E7D8B007E34A8 /* estonia@2x.png */ = {isa = PBXFileReference; lastKnownFileType = image.png; path = "estonia@2x.png"; sourceTree = "<group>"; };
		9871FEAE243E7D8B007E34A8 /* france@2x.png */ = {isa = PBXFileReference; lastKnownFileType = image.png; path = "france@2x.png"; sourceTree = "<group>"; };
		9871FEAF243E7D8B007E34A8 /* nigeria@3x.png */ = {isa = PBXFileReference; lastKnownFileType = image.png; path = "nigeria@3x.png"; sourceTree = "<group>"; };
		9871FEB0243E7D8B007E34A8 /* monaco@2x.png */ = {isa = PBXFileReference; lastKnownFileType = image.png; path = "monaco@2x.png"; sourceTree = "<group>"; };
		9871FEB1243E7D8B007E34A8 /* poland@2x.png */ = {isa = PBXFileReference; lastKnownFileType = image.png; path = "poland@2x.png"; sourceTree = "<group>"; };
		9871FEB2243E7D8B007E34A8 /* ireland@2x.png */ = {isa = PBXFileReference; lastKnownFileType = image.png; path = "ireland@2x.png"; sourceTree = "<group>"; };
		9871FEB3243E7D8B007E34A8 /* germany@3x.png */ = {isa = PBXFileReference; lastKnownFileType = image.png; path = "germany@3x.png"; sourceTree = "<group>"; };
		9871FEB4243E7D8B007E34A8 /* uk@2x.png */ = {isa = PBXFileReference; lastKnownFileType = image.png; path = "uk@2x.png"; sourceTree = "<group>"; };
		9871FEB5243E7D8B007E34A8 /* uk@3x.png */ = {isa = PBXFileReference; lastKnownFileType = image.png; path = "uk@3x.png"; sourceTree = "<group>"; };
		9871FEB6243E7D8C007E34A8 /* us@2x.png */ = {isa = PBXFileReference; lastKnownFileType = image.png; path = "us@2x.png"; sourceTree = "<group>"; };
		9871FEB7243E7D8C007E34A8 /* russia@2x.png */ = {isa = PBXFileReference; lastKnownFileType = image.png; path = "russia@2x.png"; sourceTree = "<group>"; };
		9871FEB8243E7D8C007E34A8 /* italy@3x.png */ = {isa = PBXFileReference; lastKnownFileType = image.png; path = "italy@3x.png"; sourceTree = "<group>"; };
		9871FEB9243E7D8C007E34A8 /* poland@3x.png */ = {isa = PBXFileReference; lastKnownFileType = image.png; path = "poland@3x.png"; sourceTree = "<group>"; };
		9871FEBA243E7D8C007E34A8 /* ireland@3x.png */ = {isa = PBXFileReference; lastKnownFileType = image.png; path = "ireland@3x.png"; sourceTree = "<group>"; };
		9871FEBB243E7D8C007E34A8 /* spain@2x.png */ = {isa = PBXFileReference; lastKnownFileType = image.png; path = "spain@2x.png"; sourceTree = "<group>"; };
		9871FEBC243E7D8C007E34A8 /* spain@3x.png */ = {isa = PBXFileReference; lastKnownFileType = image.png; path = "spain@3x.png"; sourceTree = "<group>"; };
		9871FEBD243E7D8C007E34A8 /* russia@3x.png */ = {isa = PBXFileReference; lastKnownFileType = image.png; path = "russia@3x.png"; sourceTree = "<group>"; };
		9871FEBE243E7D8C007E34A8 /* us@3x.png */ = {isa = PBXFileReference; lastKnownFileType = image.png; path = "us@3x.png"; sourceTree = "<group>"; };
		9871FEBF243E7D8C007E34A8 /* germany@2x.png */ = {isa = PBXFileReference; lastKnownFileType = image.png; path = "germany@2x.png"; sourceTree = "<group>"; };
		9871FEC0243E7D8C007E34A8 /* monaco@3x.png */ = {isa = PBXFileReference; lastKnownFileType = image.png; path = "monaco@3x.png"; sourceTree = "<group>"; };
		9871FEC1243E7D8C007E34A8 /* italy@2x.png */ = {isa = PBXFileReference; lastKnownFileType = image.png; path = "italy@2x.png"; sourceTree = "<group>"; };
/* End PBXFileReference section */

/* Begin PBXFrameworksBuildPhase section */
		9871FE19243E76E9007E34A8 /* Frameworks */ = {
			isa = PBXFrameworksBuildPhase;
			buildActionMask = 2147483647;
			files = (
			);
			runOnlyForDeploymentPostprocessing = 0;
		};
/* End PBXFrameworksBuildPhase section */

/* Begin PBXGroup section */
		9871FE13243E76E9007E34A8 = {
			isa = PBXGroup;
			children = (
				9871FE1E243E76E9007E34A8 /* Projects1-3 */,
				9871FE1D243E76E9007E34A8 /* Products */,
			);
			sourceTree = "<group>";
		};
		9871FE1D243E76E9007E34A8 /* Products */ = {
			isa = PBXGroup;
			children = (
				9871FE1C243E76E9007E34A8 /* Projects1-3.app */,
			);
			name = Products;
			sourceTree = "<group>";
		};
		9871FE1E243E76E9007E34A8 /* Projects1-3 */ = {
			isa = PBXGroup;
			children = (
				9871FE1F243E76E9007E34A8 /* AppDelegate.swift */,
				9871FE21243E76E9007E34A8 /* SceneDelegate.swift */,
				9871FE23243E76E9007E34A8 /* ViewController.swift */,
				9871FE33243E7783007E34A8 /* DetailViewController.swift */,
				9871FE25243E76E9007E34A8 /* Main.storyboard */,
				9871FE28243E76EA007E34A8 /* Assets.xcassets */,
				9871FE2A243E76EA007E34A8 /* LaunchScreen.storyboard */,
				9871FE2D243E76EA007E34A8 /* Info.plist */,
				9871FE35243E7B85007E34A8 /* Content */,
			);
			path = "Projects1-3";
			sourceTree = "<group>";
		};
		9871FE35243E7B85007E34A8 /* Content */ = {
			isa = PBXGroup;
			children = (
				9871FEAD243E7D8B007E34A8 /* estonia@2x.png */,
				9871FEAC243E7D8B007E34A8 /* estonia@3x.png */,
				9871FEAE243E7D8B007E34A8 /* france@2x.png */,
				9871FEAB243E7D8B007E34A8 /* france@3x.png */,
				9871FEBF243E7D8C007E34A8 /* germany@2x.png */,
				9871FEB3243E7D8B007E34A8 /* germany@3x.png */,
				9871FEB2243E7D8B007E34A8 /* ireland@2x.png */,
				9871FEBA243E7D8C007E34A8 /* ireland@3x.png */,
				9871FEC1243E7D8C007E34A8 /* italy@2x.png */,
				9871FEB8243E7D8C007E34A8 /* italy@3x.png */,
				9871FEB0243E7D8B007E34A8 /* monaco@2x.png */,
				9871FEC0243E7D8C007E34A8 /* monaco@3x.png */,
				9871FEAA243E7D8B007E34A8 /* nigeria@2x.png */,
				9871FEAF243E7D8B007E34A8 /* nigeria@3x.png */,
				9871FEB1243E7D8B007E34A8 /* poland@2x.png */,
				9871FEB9243E7D8C007E34A8 /* poland@3x.png */,
				9871FEB7243E7D8C007E34A8 /* russia@2x.png */,
				9871FEBD243E7D8C007E34A8 /* russia@3x.png */,
				9871FEBB243E7D8C007E34A8 /* spain@2x.png */,
				9871FEBC243E7D8C007E34A8 /* spain@3x.png */,
				9871FEB4243E7D8B007E34A8 /* uk@2x.png */,
				9871FEB5243E7D8B007E34A8 /* uk@3x.png */,
				9871FEB6243E7D8C007E34A8 /* us@2x.png */,
				9871FEBE243E7D8C007E34A8 /* us@3x.png */,
			);
			path = Content;
			sourceTree = "<group>";
		};
/* End PBXGroup section */

/* Begin PBXNativeTarget section */
		9871FE1B243E76E9007E34A8 /* Projects1-3 */ = {
			isa = PBXNativeTarget;
			buildConfigurationList = 9871FE30243E76EA007E34A8 /* Build configuration list for PBXNativeTarget "Projects1-3" */;
			buildPhases = (
				9871FE18243E76E9007E34A8 /* Sources */,
				9871FE19243E76E9007E34A8 /* Frameworks */,
				9871FE1A243E76E9007E34A8 /* Resources */,
			);
			buildRules = (
			);
			dependencies = (
			);
			name = "Projects1-3";
			productName = "Projects1-3";
			productReference = 9871FE1C243E76E9007E34A8 /* Projects1-3.app */;
			productType = "com.apple.product-type.application";
		};
/* End PBXNativeTarget section */

/* Begin PBXProject section */
		9871FE14243E76E9007E34A8 /* Project object */ = {
			isa = PBXProject;
			attributes = {
				LastSwiftUpdateCheck = 1140;
				LastUpgradeCheck = 1140;
				ORGANIZATIONNAME = "Mikhail Strizhenov";
				TargetAttributes = {
					9871FE1B243E76E9007E34A8 = {
						CreatedOnToolsVersion = 11.4;
					};
				};
			};
			buildConfigurationList = 9871FE17243E76E9007E34A8 /* Build configuration list for PBXProject "Projects1-3" */;
			compatibilityVersion = "Xcode 9.3";
			developmentRegion = en;
			hasScannedForEncodings = 0;
			knownRegions = (
				en,
				Base,
			);
			mainGroup = 9871FE13243E76E9007E34A8;
			productRefGroup = 9871FE1D243E76E9007E34A8 /* Products */;
			projectDirPath = "";
			projectRoot = "";
			targets = (
				9871FE1B243E76E9007E34A8 /* Projects1-3 */,
			);
		};
/* End PBXProject section */

/* Begin PBXResourcesBuildPhase section */
		9871FE1A243E76E9007E34A8 /* Resources */ = {
			isa = PBXResourcesBuildPhase;
			buildActionMask = 2147483647;
			files = (
				9871FEC3243E7D8C007E34A8 /* france@3x.png in Resources */,
				9871FECF243E7D8C007E34A8 /* russia@2x.png in Resources */,
				9871FED1243E7D8C007E34A8 /* poland@3x.png in Resources */,
				9871FED2243E7D8C007E34A8 /* ireland@3x.png in Resources */,
				9871FEC7243E7D8C007E34A8 /* nigeria@3x.png in Resources */,
				9871FED0243E7D8C007E34A8 /* italy@3x.png in Resources */,
				9871FEC6243E7D8C007E34A8 /* france@2x.png in Resources */,
				9871FECD243E7D8C007E34A8 /* uk@3x.png in Resources */,
				9871FEC8243E7D8C007E34A8 /* monaco@2x.png in Resources */,
				9871FED4243E7D8C007E34A8 /* spain@3x.png in Resources */,
				9871FE2C243E76EA007E34A8 /* LaunchScreen.storyboard in Resources */,
				9871FE29243E76EA007E34A8 /* Assets.xcassets in Resources */,
				9871FED9243E7D8C007E34A8 /* italy@2x.png in Resources */,
				9871FED8243E7D8C007E34A8 /* monaco@3x.png in Resources */,
				9871FEC5243E7D8C007E34A8 /* estonia@2x.png in Resources */,
				9871FED7243E7D8C007E34A8 /* germany@2x.png in Resources */,
				9871FED5243E7D8C007E34A8 /* russia@3x.png in Resources */,
				9871FEC2243E7D8C007E34A8 /* nigeria@2x.png in Resources */,
				9871FED6243E7D8C007E34A8 /* us@3x.png in Resources */,
				9871FE27243E76E9007E34A8 /* Main.storyboard in Resources */,
				9871FECB243E7D8C007E34A8 /* germany@3x.png in Resources */,
				9871FECC243E7D8C007E34A8 /* uk@2x.png in Resources */,
				9871FEC4243E7D8C007E34A8 /* estonia@3x.png in Resources */,
				9871FECA243E7D8C007E34A8 /* ireland@2x.png in Resources */,
				9871FECE243E7D8C007E34A8 /* us@2x.png in Resources */,
				9871FED3243E7D8C007E34A8 /* spain@2x.png in Resources */,
				9871FEC9243E7D8C007E34A8 /* poland@2x.png in Resources */,
			);
			runOnlyForDeploymentPostprocessing = 0;
		};
/* End PBXResourcesBuildPhase section */

/* Begin PBXSourcesBuildPhase section */
		9871FE18243E76E9007E34A8 /* Sources */ = {
			isa = PBXSourcesBuildPhase;
			buildActionMask = 2147483647;
			files = (
				9871FE24243E76E9007E34A8 /* ViewController.swift in Sources */,
				9871FE20243E76E9007E34A8 /* AppDelegate.swift in Sources */,
				9871FE22243E76E9007E34A8 /* SceneDelegate.swift in Sources */,
				9871FE34243E7783007E34A8 /* DetailViewController.swift in Sources */,
			);
			runOnlyForDeploymentPostprocessing = 0;
		};
/* End PBXSourcesBuildPhase section */

/* Begin PBXVariantGroup section */
		9871FE25243E76E9007E34A8 /* Main.storyboard */ = {
			isa = PBXVariantGroup;
			children = (
				9871FE26243E76E9007E34A8 /* Base */,
			);
			name = Main.storyboard;
			sourceTree = "<group>";
		};
		9871FE2A243E76EA007E34A8 /* LaunchScreen.storyboard */ = {
			isa = PBXVariantGroup;
			children = (
				9871FE2B243E76EA007E34A8 /* Base */,
			);
			name = LaunchScreen.storyboard;
			sourceTree = "<group>";
		};
/* End PBXVariantGroup section */

/* Begin XCBuildConfiguration section */
		9871FE2E243E76EA007E34A8 /* Debug */ = {
			isa = XCBuildConfiguration;
			buildSettings = {
				ALWAYS_SEARCH_USER_PATHS = NO;
				CLANG_ANALYZER_NONNULL = YES;
				CLANG_ANALYZER_NUMBER_OBJECT_CONVERSION = YES_AGGRESSIVE;
				CLANG_CXX_LANGUAGE_STANDARD = "gnu++14";
				CLANG_CXX_LIBRARY = "libc++";
				CLANG_ENABLE_MODULES = YES;
				CLANG_ENABLE_OBJC_ARC = YES;
				CLANG_ENABLE_OBJC_WEAK = YES;
				CLANG_WARN_BLOCK_CAPTURE_AUTORELEASING = YES;
				CLANG_WARN_BOOL_CONVERSION = YES;
				CLANG_WARN_COMMA = YES;
				CLANG_WARN_CONSTANT_CONVERSION = YES;
				CLANG_WARN_DEPRECATED_OBJC_IMPLEMENTATIONS = YES;
				CLANG_WARN_DIRECT_OBJC_ISA_USAGE = YES_ERROR;
				CLANG_WARN_DOCUMENTATION_COMMENTS = YES;
				CLANG_WARN_EMPTY_BODY = YES;
				CLANG_WARN_ENUM_CONVERSION = YES;
				CLANG_WARN_INFINITE_RECURSION = YES;
				CLANG_WARN_INT_CONVERSION = YES;
				CLANG_WARN_NON_LITERAL_NULL_CONVERSION = YES;
				CLANG_WARN_OBJC_IMPLICIT_RETAIN_SELF = YES;
				CLANG_WARN_OBJC_LITERAL_CONVERSION = YES;
				CLANG_WARN_OBJC_ROOT_CLASS = YES_ERROR;
				CLANG_WARN_RANGE_LOOP_ANALYSIS = YES;
				CLANG_WARN_STRICT_PROTOTYPES = YES;
				CLANG_WARN_SUSPICIOUS_MOVE = YES;
				CLANG_WARN_UNGUARDED_AVAILABILITY = YES_AGGRESSIVE;
				CLANG_WARN_UNREACHABLE_CODE = YES;
				CLANG_WARN__DUPLICATE_METHOD_MATCH = YES;
				COPY_PHASE_STRIP = NO;
				DEBUG_INFORMATION_FORMAT = dwarf;
				ENABLE_STRICT_OBJC_MSGSEND = YES;
				ENABLE_TESTABILITY = YES;
				GCC_C_LANGUAGE_STANDARD = gnu11;
				GCC_DYNAMIC_NO_PIC = NO;
				GCC_NO_COMMON_BLOCKS = YES;
				GCC_OPTIMIZATION_LEVEL = 0;
				GCC_PREPROCESSOR_DEFINITIONS = (
					"DEBUG=1",
					"$(inherited)",
				);
				GCC_WARN_64_TO_32_BIT_CONVERSION = YES;
				GCC_WARN_ABOUT_RETURN_TYPE = YES_ERROR;
				GCC_WARN_UNDECLARED_SELECTOR = YES;
				GCC_WARN_UNINITIALIZED_AUTOS = YES_AGGRESSIVE;
				GCC_WARN_UNUSED_FUNCTION = YES;
				GCC_WARN_UNUSED_VARIABLE = YES;
				IPHONEOS_DEPLOYMENT_TARGET = 13.4;
				MTL_ENABLE_DEBUG_INFO = INCLUDE_SOURCE;
				MTL_FAST_MATH = YES;
				ONLY_ACTIVE_ARCH = YES;
				SDKROOT = iphoneos;
				SWIFT_ACTIVE_COMPILATION_CONDITIONS = DEBUG;
				SWIFT_OPTIMIZATION_LEVEL = "-Onone";
			};
			name = Debug;
		};
		9871FE2F243E76EA007E34A8 /* Release */ = {
			isa = XCBuildConfiguration;
			buildSettings = {
				ALWAYS_SEARCH_USER_PATHS = NO;
				CLANG_ANALYZER_NONNULL = YES;
				CLANG_ANALYZER_NUMBER_OBJECT_CONVERSION = YES_AGGRESSIVE;
				CLANG_CXX_LANGUAGE_STANDARD = "gnu++14";
				CLANG_CXX_LIBRARY = "libc++";
				CLANG_ENABLE_MODULES = YES;
				CLANG_ENABLE_OBJC_ARC = YES;
				CLANG_ENABLE_OBJC_WEAK = YES;
				CLANG_WARN_BLOCK_CAPTURE_AUTORELEASING = YES;
				CLANG_WARN_BOOL_CONVERSION = YES;
				CLANG_WARN_COMMA = YES;
				CLANG_WARN_CONSTANT_CONVERSION = YES;
				CLANG_WARN_DEPRECATED_OBJC_IMPLEMENTATIONS = YES;
				CLANG_WARN_DIRECT_OBJC_ISA_USAGE = YES_ERROR;
				CLANG_WARN_DOCUMENTATION_COMMENTS = YES;
				CLANG_WARN_EMPTY_BODY = YES;
				CLANG_WARN_ENUM_CONVERSION = YES;
				CLANG_WARN_INFINITE_RECURSION = YES;
				CLANG_WARN_INT_CONVERSION = YES;
				CLANG_WARN_NON_LITERAL_NULL_CONVERSION = YES;
				CLANG_WARN_OBJC_IMPLICIT_RETAIN_SELF = YES;
				CLANG_WARN_OBJC_LITERAL_CONVERSION = YES;
				CLANG_WARN_OBJC_ROOT_CLASS = YES_ERROR;
				CLANG_WARN_RANGE_LOOP_ANALYSIS = YES;
				CLANG_WARN_STRICT_PROTOTYPES = YES;
				CLANG_WARN_SUSPICIOUS_MOVE = YES;
				CLANG_WARN_UNGUARDED_AVAILABILITY = YES_AGGRESSIVE;
				CLANG_WARN_UNREACHABLE_CODE = YES;
				CLANG_WARN__DUPLICATE_METHOD_MATCH = YES;
				COPY_PHASE_STRIP = NO;
				DEBUG_INFORMATION_FORMAT = "dwarf-with-dsym";
				ENABLE_NS_ASSERTIONS = NO;
				ENABLE_STRICT_OBJC_MSGSEND = YES;
				GCC_C_LANGUAGE_STANDARD = gnu11;
				GCC_NO_COMMON_BLOCKS = YES;
				GCC_WARN_64_TO_32_BIT_CONVERSION = YES;
				GCC_WARN_ABOUT_RETURN_TYPE = YES_ERROR;
				GCC_WARN_UNDECLARED_SELECTOR = YES;
				GCC_WARN_UNINITIALIZED_AUTOS = YES_AGGRESSIVE;
				GCC_WARN_UNUSED_FUNCTION = YES;
				GCC_WARN_UNUSED_VARIABLE = YES;
				IPHONEOS_DEPLOYMENT_TARGET = 13.4;
				MTL_ENABLE_DEBUG_INFO = NO;
				MTL_FAST_MATH = YES;
				SDKROOT = iphoneos;
				SWIFT_COMPILATION_MODE = wholemodule;
				SWIFT_OPTIMIZATION_LEVEL = "-O";
				VALIDATE_PRODUCT = YES;
			};
			name = Release;
		};
		9871FE31243E76EA007E34A8 /* Debug */ = {
			isa = XCBuildConfiguration;
			buildSettings = {
				ASSETCATALOG_COMPILER_APPICON_NAME = AppIcon;
				CODE_SIGN_STYLE = Automatic;
				DEVELOPMENT_TEAM = 52N5UYY2SG;
				INFOPLIST_FILE = "Projects1-3/Info.plist";
				LD_RUNPATH_SEARCH_PATHS = (
					"$(inherited)",
					"@executable_path/Frameworks",
				);
				PRODUCT_BUNDLE_IDENTIFIER = "com.gaben.Projects1-3";
				PRODUCT_NAME = "$(TARGET_NAME)";
				SWIFT_VERSION = 5.0;
				TARGETED_DEVICE_FAMILY = "1,2";
			};
			name = Debug;
		};
		9871FE32243E76EA007E34A8 /* Release */ = {
			isa = XCBuildConfiguration;
			buildSettings = {
				ASSETCATALOG_COMPILER_APPICON_NAME = AppIcon;
				CODE_SIGN_STYLE = Automatic;
				DEVELOPMENT_TEAM = 52N5UYY2SG;
				INFOPLIST_FILE = "Projects1-3/Info.plist";
				LD_RUNPATH_SEARCH_PATHS = (
					"$(inherited)",
					"@executable_path/Frameworks",
				);
				PRODUCT_BUNDLE_IDENTIFIER = "com.gaben.Projects1-3";
				PRODUCT_NAME = "$(TARGET_NAME)";
				SWIFT_VERSION = 5.0;
				TARGETED_DEVICE_FAMILY = "1,2";
			};
			name = Release;
		};
/* End XCBuildConfiguration section */

/* Begin XCConfigurationList section */
		9871FE17243E76E9007E34A8 /* Build configuration list for PBXProject "Projects1-3" */ = {
			isa = XCConfigurationList;
			buildConfigurations = (
				9871FE2E243E76EA007E34A8 /* Debug */,
				9871FE2F243E76EA007E34A8 /* Release */,
			);
			defaultConfigurationIsVisible = 0;
			defaultConfigurationName = Release;
		};
		9871FE30243E76EA007E34A8 /* Build configuration list for PBXNativeTarget "Projects1-3" */ = {
			isa = XCConfigurationList;
			buildConfigurations = (
				9871FE31243E76EA007E34A8 /* Debug */,
				9871FE32243E76EA007E34A8 /* Release */,
			);
			defaultConfigurationIsVisible = 0;
			defaultConfigurationName = Release;
		};
/* End XCConfigurationList section */
	};
	rootObject = 9871FE14243E76E9007E34A8 /* Project object */;
}
